# THIS IS AN AUTOGENERATED FILE. DO NOT EDIT THIS FILE DIRECTLY.
# yarn lockfile v1


angular-resource@^1.6.4:
  version "1.6.4"
  resolved "https://registry.yarnpkg.com/angular-resource/-/angular-resource-1.6.4.tgz#bcb83688b0a7d3402fde58dc7f4881383a6c0ebb"

angular-scroll@^1.0.0:
  version "1.0.0"
  resolved "https://registry.yarnpkg.com/angular-scroll/-/angular-scroll-1.0.0.tgz#6c916fc5c5a1b8706a6b54ce121ff2574a7b24bd"

angular-ui-router@^0.4.2:
  version "0.4.2"
  resolved "https://registry.yarnpkg.com/angular-ui-router/-/angular-ui-router-0.4.2.tgz#b6aed1ca69a683c82e3992898eabd4ba15868608"
  dependencies:
    angular "^1.0.8"

angular@^1.0.8, angular@^1.6.4:
  version "1.6.4"
  resolved "https://registry.yarnpkg.com/angular/-/angular-1.6.4.tgz#03b7b15c01a0802d7e2cf593240e604054dc77fb"

bootstrap@^3.3.7:
  version "3.3.7"
  resolved "https://registry.yarnpkg.com/bootstrap/-/bootstrap-3.3.7.tgz#5a389394549f23330875a3b150656574f8a9eb71"

font-awesome@^4.7.0:
  version "4.7.0"
  resolved "https://registry.yarnpkg.com/font-awesome/-/font-awesome-4.7.0.tgz#8fa8cf0411a1a31afd07b06d2902bb9fc815a133"

jquery@^3.2.1:
  version "3.2.1"
  resolved "https://registry.yarnpkg.com/jquery/-/jquery-3.2.1.tgz#5c4d9de652af6cd0a770154a631bba12b015c787"
